
Microsoft Visual Studio Solution File, Format Version 12.00
# Visual Studio Version 16
VisualStudioVersion = 16.0.30523.141
MinimumVisualStudioVersion = 10.0.40219.1
Project("{9A19103F-16F7-4668-BE54-9A1E7A4F7556}") = "NumToWordsCurrency", "NumToWordsCurrency\NumToWordsCurrency.csproj", "{B245A399-6EFF-456D-AF46-97130627BC59}"
EndProject
Project("{FAE04EC0-301F-11D3-BF4B-00C04F79EFBC}") = "NumToWordsCurrencyTests", "NumToWordsCurrencyTests\NumToWordsCurrencyTests.csproj", "{B6AC5474-6130-4BCE-8CFF-74009B28DC28}"
EndProject
Global
	GlobalSection(SolutionConfigurationPlatforms) = preSolution
		Debug|Any CPU = Debug|Any CPU
		Release|Any CPU = Release|Any CPU
	EndGlobalSection
	GlobalSection(ProjectConfigurationPlatforms) = postSolution
		{B245A399-6EFF-456D-AF46-97130627BC59}.Debug|Any CPU.ActiveCfg = Debug|Any CPU
		{B245A399-6EFF-456D-AF46-97130627BC59}.Debug|Any CPU.Build.0 = Debug|Any CPU
		{B245A399-6EFF-456D-AF46-97130627BC59}.Release|Any CPU.ActiveCfg = Release|Any CPU
		{B245A399-6EFF-456D-AF46-97130627BC59}.Release|Any CPU.Build.0 = Release|Any CPU
		{B6AC5474-6130-4BCE-8CFF-74009B28DC28}.Debug|Any CPU.ActiveCfg = Debug|Any CPU
		{B6AC5474-6130-4BCE-8CFF-74009B28DC28}.Debug|Any CPU.Build.0 = Debug|Any CPU
		{B6AC5474-6130-4BCE-8CFF-74009B28DC28}.Release|Any CPU.ActiveCfg = Release|Any CPU
		{B6AC5474-6130-4BCE-8CFF-74009B28DC28}.Release|Any CPU.Build.0 = Release|Any CPU
	EndGlobalSection
	GlobalSection(SolutionProperties) = preSolution
		HideSolutionNode = FALSE
	EndGlobalSection
	GlobalSection(ExtensibilityGlobals) = postSolution
		SolutionGuid = {C7934EB6-83BF-457A-9178-0A6854A1BF36}
	EndGlobalSection
EndGlobal
